// !$*UTF8*$!
{
	archiveVersion = 1;
	classes = {
	};
	objectVersion = 56;
	objects = {

/* Begin PBXBuildFile section */
		F9E28C8A2A278CFC004DF117 /* InstagramTutorialApp.swift in Sources */ = {isa = PBXBuildFile; fileRef = F9E28C892A278CFC004DF117 /* InstagramTutorialApp.swift */; };
		F9E28C8C2A278CFC004DF117 /* ContentView.swift in Sources */ = {isa = PBXBuildFile; fileRef = F9E28C8B2A278CFC004DF117 /* ContentView.swift */; };
		F9E28C8E2A278CFE004DF117 /* Assets.xcassets in Resources */ = {isa = PBXBuildFile; fileRef = F9E28C8D2A278CFE004DF117 /* Assets.xcassets */; };
		F9E28C912A278CFE004DF117 /* Preview Assets.xcassets in Resources */ = {isa = PBXBuildFile; fileRef = F9E28C902A278CFE004DF117 /* Preview Assets.xcassets */; };
		F9E28CA62A278E32004DF117 /* MainTabView.swift in Sources */ = {isa = PBXBuildFile; fileRef = F9E28CA52A278E32004DF117 /* MainTabView.swift */; };
		F9E28CA82A2809E5004DF117 /* ProifleView.swift in Sources */ = {isa = PBXBuildFile; fileRef = F9E28CA72A2809E5004DF117 /* ProifleView.swift */; };
		F9E28CAB2A280F7C004DF117 /* UserStatsView.swift in Sources */ = {isa = PBXBuildFile; fileRef = F9E28CAA2A280F7C004DF117 /* UserStatsView.swift */; };
		F9E28CAD2A295963004DF117 /* FeedView.swift in Sources */ = {isa = PBXBuildFile; fileRef = F9E28CAC2A295963004DF117 /* FeedView.swift */; };
		F9E28CAF2A295974004DF117 /* FeedCell.swift in Sources */ = {isa = PBXBuildFile; fileRef = F9E28CAE2A295974004DF117 /* FeedCell.swift */; };
		F9E28CB12A296066004DF117 /* SearchView.swift in Sources */ = {isa = PBXBuildFile; fileRef = F9E28CB02A296066004DF117 /* SearchView.swift */; };
/* End PBXBuildFile section */

/* Begin PBXFileReference section */
		F9E28C862A278CFC004DF117 /* InstagramTutorial.app */ = {isa = PBXFileReference; explicitFileType = wrapper.application; includeInIndex = 0; path = InstagramTutorial.app; sourceTree = BUILT_PRODUCTS_DIR; };
		F9E28C892A278CFC004DF117 /* InstagramTutorialApp.swift */ = {isa = PBXFileReference; lastKnownFileType = sourcecode.swift; path = InstagramTutorialApp.swift; sourceTree = "<group>"; };
		F9E28C8B2A278CFC004DF117 /* ContentView.swift */ = {isa = PBXFileReference; lastKnownFileType = sourcecode.swift; path = ContentView.swift; sourceTree = "<group>"; };
		F9E28C8D2A278CFE004DF117 /* Assets.xcassets */ = {isa = PBXFileReference; lastKnownFileType = folder.assetcatalog; path = Assets.xcassets; sourceTree = "<group>"; };
		F9E28C902A278CFE004DF117 /* Preview Assets.xcassets */ = {isa = PBXFileReference; lastKnownFileType = folder.assetcatalog; path = "Preview Assets.xcassets"; sourceTree = "<group>"; };
		F9E28CA52A278E32004DF117 /* MainTabView.swift */ = {isa = PBXFileReference; lastKnownFileType = sourcecode.swift; path = MainTabView.swift; sourceTree = "<group>"; };
		F9E28CA72A2809E5004DF117 /* ProifleView.swift */ = {isa = PBXFileReference; lastKnownFileType = sourcecode.swift; path = ProifleView.swift; sourceTree = "<group>"; };
		F9E28CAA2A280F7C004DF117 /* UserStatsView.swift */ = {isa = PBXFileReference; lastKnownFileType = sourcecode.swift; path = UserStatsView.swift; sourceTree = "<group>"; };
		F9E28CAC2A295963004DF117 /* FeedView.swift */ = {isa = PBXFileReference; lastKnownFileType = sourcecode.swift; path = FeedView.swift; sourceTree = "<group>"; };
		F9E28CAE2A295974004DF117 /* FeedCell.swift */ = {isa = PBXFileReference; lastKnownFileType = sourcecode.swift; path = FeedCell.swift; sourceTree = "<group>"; };
		F9E28CB02A296066004DF117 /* SearchView.swift */ = {isa = PBXFileReference; lastKnownFileType = sourcecode.swift; path = SearchView.swift; sourceTree = "<group>"; };
/* End PBXFileReference section */

/* Begin PBXFrameworksBuildPhase section */
		F9E28C832A278CFC004DF117 /* Frameworks */ = {
			isa = PBXFrameworksBuildPhase;
			buildActionMask = 2147483647;
			files = (
			);
			runOnlyForDeploymentPostprocessing = 0;
		};
/* End PBXFrameworksBuildPhase section */

/* Begin PBXGroup section */
		F9E28C7D2A278CFC004DF117 = {
			isa = PBXGroup;
			children = (
				F9E28C882A278CFC004DF117 /* InstagramTutorial */,
				F9E28C872A278CFC004DF117 /* Products */,
			);
			sourceTree = "<group>";
		};
		F9E28C872A278CFC004DF117 /* Products */ = {
			isa = PBXGroup;
			children = (
				F9E28C862A278CFC004DF117 /* InstagramTutorial.app */,
			);
			name = Products;
			sourceTree = "<group>";
		};
		F9E28C882A278CFC004DF117 /* InstagramTutorial */ = {
			isa = PBXGroup;
			children = (
				F9E28C9D2A278D2D004DF117 /* App */,
				F9E28C9C2A278D2A004DF117 /* Core */,
				F9E28C992A278D1F004DF117 /* Extensions */,
				F9E28C982A278D17004DF117 /* Model */,
				F9E28C972A278D13004DF117 /* Services */,
				F9E28C8B2A278CFC004DF117 /* ContentView.swift */,
				F9E28C8D2A278CFE004DF117 /* Assets.xcassets */,
				F9E28C8F2A278CFE004DF117 /* Preview Content */,
			);
			path = InstagramTutorial;
			sourceTree = "<group>";
		};
		F9E28C8F2A278CFE004DF117 /* Preview Content */ = {
			isa = PBXGroup;
			children = (
				F9E28C902A278CFE004DF117 /* Preview Assets.xcassets */,
			);
			path = "Preview Content";
			sourceTree = "<group>";
		};
		F9E28C972A278D13004DF117 /* Services */ = {
			isa = PBXGroup;
			children = (
			);
			path = Services;
			sourceTree = "<group>";
		};
		F9E28C982A278D17004DF117 /* Model */ = {
			isa = PBXGroup;
			children = (
			);
			path = Model;
			sourceTree = "<group>";
		};
		F9E28C992A278D1F004DF117 /* Extensions */ = {
			isa = PBXGroup;
			children = (
			);
			path = Extensions;
			sourceTree = "<group>";
		};
		F9E28C9C2A278D2A004DF117 /* Core */ = {
			isa = PBXGroup;
			children = (
				F9E28C9E2A278D72004DF117 /* Authentication */,
				F9E28CA92A280F4C004DF117 /* Components */,
				F9E28C9F2A278D81004DF117 /* Feed */,
				F9E28CA02A278D87004DF117 /* Profile */,
				F9E28CA12A278D8D004DF117 /* Root */,
				F9E28CA22A278D94004DF117 /* Search */,
				F9E28CA32A278DD4004DF117 /* TabBar */,
				F9E28CA42A278DDD004DF117 /* UploadPost */,
			);
			path = Core;
			sourceTree = "<group>";
		};
		F9E28C9D2A278D2D004DF117 /* App */ = {
			isa = PBXGroup;
			children = (
				F9E28C892A278CFC004DF117 /* InstagramTutorialApp.swift */,
			);
			path = App;
			sourceTree = "<group>";
		};
		F9E28C9E2A278D72004DF117 /* Authentication */ = {
			isa = PBXGroup;
			children = (
			);
			path = Authentication;
			sourceTree = "<group>";
		};
		F9E28C9F2A278D81004DF117 /* Feed */ = {
			isa = PBXGroup;
			children = (
				F9E28CAC2A295963004DF117 /* FeedView.swift */,
				F9E28CAE2A295974004DF117 /* FeedCell.swift */,
			);
			path = Feed;
			sourceTree = "<group>";
		};
		F9E28CA02A278D87004DF117 /* Profile */ = {
			isa = PBXGroup;
			children = (
				F9E28CA72A2809E5004DF117 /* ProifleView.swift */,
			);
			path = Profile;
			sourceTree = "<group>";
		};
		F9E28CA12A278D8D004DF117 /* Root */ = {
			isa = PBXGroup;
			children = (
			);
			path = Root;
			sourceTree = "<group>";
		};
		F9E28CA22A278D94004DF117 /* Search */ = {
			isa = PBXGroup;
			children = (
				F9E28CB02A296066004DF117 /* SearchView.swift */,
			);
			path = Search;
			sourceTree = "<group>";
		};
		F9E28CA32A278DD4004DF117 /* TabBar */ = {
			isa = PBXGroup;
			children = (
				F9E28CA52A278E32004DF117 /* MainTabView.swift */,
			);
			path = TabBar;
			sourceTree = "<group>";
		};
		F9E28CA42A278DDD004DF117 /* UploadPost */ = {
			isa = PBXGroup;
			children = (
			);
			path = UploadPost;
			sourceTree = "<group>";
		};
		F9E28CA92A280F4C004DF117 /* Components */ = {
			isa = PBXGroup;
			children = (
				F9E28CAA2A280F7C004DF117 /* UserStatsView.swift */,
			);
			path = Components;
			sourceTree = "<group>";
		};
/* End PBXGroup section */

/* Begin PBXNativeTarget section */
		F9E28C852A278CFC004DF117 /* InstagramTutorial */ = {
			isa = PBXNativeTarget;
			buildConfigurationList = F9E28C942A278CFE004DF117 /* Build configuration list for PBXNativeTarget "InstagramTutorial" */;
			buildPhases = (
				F9E28C822A278CFC004DF117 /* Sources */,
				F9E28C832A278CFC004DF117 /* Frameworks */,
				F9E28C842A278CFC004DF117 /* Resources */,
			);
			buildRules = (
			);
			dependencies = (
			);
			name = InstagramTutorial;
			productName = InstagramTutorial;
			productReference = F9E28C862A278CFC004DF117 /* InstagramTutorial.app */;
			productType = "com.apple.product-type.application";
		};
/* End PBXNativeTarget section */

/* Begin PBXProject section */
		F9E28C7E2A278CFC004DF117 /* Project object */ = {
			isa = PBXProject;
			attributes = {
				BuildIndependentTargetsInParallel = 1;
				LastSwiftUpdateCheck = 1430;
				LastUpgradeCheck = 1430;
				TargetAttributes = {
					F9E28C852A278CFC004DF117 = {
						CreatedOnToolsVersion = 14.3;
					};
				};
			};
			buildConfigurationList = F9E28C812A278CFC004DF117 /* Build configuration list for PBXProject "InstagramTutorial" */;
			compatibilityVersion = "Xcode 14.0";
			developmentRegion = en;
			hasScannedForEncodings = 0;
			knownRegions = (
				en,
				Base,
			);
			mainGroup = F9E28C7D2A278CFC004DF117;
			productRefGroup = F9E28C872A278CFC004DF117 /* Products */;
			projectDirPath = "";
			projectRoot = "";
			targets = (
				F9E28C852A278CFC004DF117 /* InstagramTutorial */,
			);
		};
/* End PBXProject section */

/* Begin PBXResourcesBuildPhase section */
		F9E28C842A278CFC004DF117 /* Resources */ = {
			isa = PBXResourcesBuildPhase;
			buildActionMask = 2147483647;
			files = (
				F9E28C912A278CFE004DF117 /* Preview Assets.xcassets in Resources */,
				F9E28C8E2A278CFE004DF117 /* Assets.xcassets in Resources */,
			);
			runOnlyForDeploymentPostprocessing = 0;
		};
/* End PBXResourcesBuildPhase section */

/* Begin PBXSourcesBuildPhase section */
		F9E28C822A278CFC004DF117 /* Sources */ = {
			isa = PBXSourcesBuildPhase;
			buildActionMask = 2147483647;
			files = (
				F9E28CAF2A295974004DF117 /* FeedCell.swift in Sources */,
				F9E28CA82A2809E5004DF117 /* ProifleView.swift in Sources */,
				F9E28CAB2A280F7C004DF117 /* UserStatsView.swift in Sources */,
				F9E28C8C2A278CFC004DF117 /* ContentView.swift in Sources */,
				F9E28CB12A296066004DF117 /* SearchView.swift in Sources */,
				F9E28C8A2A278CFC004DF117 /* InstagramTutorialApp.swift in Sources */,
				F9E28CAD2A295963004DF117 /* FeedView.swift in Sources */,
				F9E28CA62A278E32004DF117 /* MainTabView.swift in Sources */,
			);
			runOnlyForDeploymentPostprocessing = 0;
		};
/* End PBXSourcesBuildPhase section */

/* Begin XCBuildConfiguration section */
		F9E28C922A278CFE004DF117 /* Debug */ = {
			isa = XCBuildConfiguration;
			buildSettings = {
				ALWAYS_SEARCH_USER_PATHS = NO;
				CLANG_ANALYZER_NONNULL = YES;
				CLANG_ANALYZER_NUMBER_OBJECT_CONVERSION = YES_AGGRESSIVE;
				CLANG_CXX_LANGUAGE_STANDARD = "gnu++20";
				CLANG_ENABLE_MODULES = YES;
				CLANG_ENABLE_OBJC_ARC = YES;
				CLANG_ENABLE_OBJC_WEAK = YES;
				CLANG_WARN_BLOCK_CAPTURE_AUTORELEASING = YES;
				CLANG_WARN_BOOL_CONVERSION = YES;
				CLANG_WARN_COMMA = YES;
				CLANG_WARN_CONSTANT_CONVERSION = YES;
				CLANG_WARN_DEPRECATED_OBJC_IMPLEMENTATIONS = YES;
				CLANG_WARN_DIRECT_OBJC_ISA_USAGE = YES_ERROR;
				CLANG_WARN_DOCUMENTATION_COMMENTS = YES;
				CLANG_WARN_EMPTY_BODY = YES;
				CLANG_WARN_ENUM_CONVERSION = YES;
				CLANG_WARN_INFINITE_RECURSION = YES;
				CLANG_WARN_INT_CONVERSION = YES;
				CLANG_WARN_NON_LITERAL_NULL_CONVERSION = YES;
				CLANG_WARN_OBJC_IMPLICIT_RETAIN_SELF = YES;
				CLANG_WARN_OBJC_LITERAL_CONVERSION = YES;
				CLANG_WARN_OBJC_ROOT_CLASS = YES_ERROR;
				CLANG_WARN_QUOTED_INCLUDE_IN_FRAMEWORK_HEADER = YES;
				CLANG_WARN_RANGE_LOOP_ANALYSIS = YES;
				CLANG_WARN_STRICT_PROTOTYPES = YES;
				CLANG_WARN_SUSPICIOUS_MOVE = YES;
				CLANG_WARN_UNGUARDED_AVAILABILITY = YES_AGGRESSIVE;
				CLANG_WARN_UNREACHABLE_CODE = YES;
				CLANG_WARN__DUPLICATE_METHOD_MATCH = YES;
				COPY_PHASE_STRIP = NO;
				DEBUG_INFORMATION_FORMAT = dwarf;
				ENABLE_STRICT_OBJC_MSGSEND = YES;
				ENABLE_TESTABILITY = YES;
				GCC_C_LANGUAGE_STANDARD = gnu11;
				GCC_DYNAMIC_NO_PIC = NO;
				GCC_NO_COMMON_BLOCKS = YES;
				GCC_OPTIMIZATION_LEVEL = 0;
				GCC_PREPROCESSOR_DEFINITIONS = (
					"DEBUG=1",
					"$(inherited)",
				);
				GCC_WARN_64_TO_32_BIT_CONVERSION = YES;
				GCC_WARN_ABOUT_RETURN_TYPE = YES_ERROR;
				GCC_WARN_UNDECLARED_SELECTOR = YES;
				GCC_WARN_UNINITIALIZED_AUTOS = YES_AGGRESSIVE;
				GCC_WARN_UNUSED_FUNCTION = YES;
				GCC_WARN_UNUSED_VARIABLE = YES;
				IPHONEOS_DEPLOYMENT_TARGET = 16.4;
				MTL_ENABLE_DEBUG_INFO = INCLUDE_SOURCE;
				MTL_FAST_MATH = YES;
				ONLY_ACTIVE_ARCH = YES;
				SDKROOT = iphoneos;
				SWIFT_ACTIVE_COMPILATION_CONDITIONS = DEBUG;
				SWIFT_OPTIMIZATION_LEVEL = "-Onone";
			};
			name = Debug;
		};
		F9E28C932A278CFE004DF117 /* Release */ = {
			isa = XCBuildConfiguration;
			buildSettings = {
				ALWAYS_SEARCH_USER_PATHS = NO;
				CLANG_ANALYZER_NONNULL = YES;
				CLANG_ANALYZER_NUMBER_OBJECT_CONVERSION = YES_AGGRESSIVE;
				CLANG_CXX_LANGUAGE_STANDARD = "gnu++20";
				CLANG_ENABLE_MODULES = YES;
				CLANG_ENABLE_OBJC_ARC = YES;
				CLANG_ENABLE_OBJC_WEAK = YES;
				CLANG_WARN_BLOCK_CAPTURE_AUTORELEASING = YES;
				CLANG_WARN_BOOL_CONVERSION = YES;
				CLANG_WARN_COMMA = YES;
				CLANG_WARN_CONSTANT_CONVERSION = YES;
				CLANG_WARN_DEPRECATED_OBJC_IMPLEMENTATIONS = YES;
				CLANG_WARN_DIRECT_OBJC_ISA_USAGE = YES_ERROR;
				CLANG_WARN_DOCUMENTATION_COMMENTS = YES;
				CLANG_WARN_EMPTY_BODY = YES;
				CLANG_WARN_ENUM_CONVERSION = YES;
				CLANG_WARN_INFINITE_RECURSION = YES;
				CLANG_WARN_INT_CONVERSION = YES;
				CLANG_WARN_NON_LITERAL_NULL_CONVERSION = YES;
				CLANG_WARN_OBJC_IMPLICIT_RETAIN_SELF = YES;
				CLANG_WARN_OBJC_LITERAL_CONVERSION = YES;
				CLANG_WARN_OBJC_ROOT_CLASS = YES_ERROR;
				CLANG_WARN_QUOTED_INCLUDE_IN_FRAMEWORK_HEADER = YES;
				CLANG_WARN_RANGE_LOOP_ANALYSIS = YES;
				CLANG_WARN_STRICT_PROTOTYPES = YES;
				CLANG_WARN_SUSPICIOUS_MOVE = YES;
				CLANG_WARN_UNGUARDED_AVAILABILITY = YES_AGGRESSIVE;
				CLANG_WARN_UNREACHABLE_CODE = YES;
				CLANG_WARN__DUPLICATE_METHOD_MATCH = YES;
				COPY_PHASE_STRIP = NO;
				DEBUG_INFORMATION_FORMAT = "dwarf-with-dsym";
				ENABLE_NS_ASSERTIONS = NO;
				ENABLE_STRICT_OBJC_MSGSEND = YES;
				GCC_C_LANGUAGE_STANDARD = gnu11;
				GCC_NO_COMMON_BLOCKS = YES;
				GCC_WARN_64_TO_32_BIT_CONVERSION = YES;
				GCC_WARN_ABOUT_RETURN_TYPE = YES_ERROR;
				GCC_WARN_UNDECLARED_SELECTOR = YES;
				GCC_WARN_UNINITIALIZED_AUTOS = YES_AGGRESSIVE;
				GCC_WARN_UNUSED_FUNCTION = YES;
				GCC_WARN_UNUSED_VARIABLE = YES;
				IPHONEOS_DEPLOYMENT_TARGET = 16.4;
				MTL_ENABLE_DEBUG_INFO = NO;
				MTL_FAST_MATH = YES;
				SDKROOT = iphoneos;
				SWIFT_COMPILATION_MODE = wholemodule;
				SWIFT_OPTIMIZATION_LEVEL = "-O";
				VALIDATE_PRODUCT = YES;
			};
			name = Release;
		};
		F9E28C952A278CFE004DF117 /* Debug */ = {
			isa = XCBuildConfiguration;
			buildSettings = {
				ASSETCATALOG_COMPILER_APPICON_NAME = AppIcon;
				ASSETCATALOG_COMPILER_GLOBAL_ACCENT_COLOR_NAME = AccentColor;
				CODE_SIGN_STYLE = Automatic;
				CURRENT_PROJECT_VERSION = 1;
				DEVELOPMENT_ASSET_PATHS = "\"InstagramTutorial/Preview Content\"";
				ENABLE_PREVIEWS = YES;
				GENERATE_INFOPLIST_FILE = YES;
				INFOPLIST_KEY_UIApplicationSceneManifest_Generation = YES;
				INFOPLIST_KEY_UIApplicationSupportsIndirectInputEvents = YES;
				INFOPLIST_KEY_UILaunchScreen_Generation = YES;
				INFOPLIST_KEY_UISupportedInterfaceOrientations_iPad = "UIInterfaceOrientationPortrait UIInterfaceOrientationPortraitUpsideDown UIInterfaceOrientationLandscapeLeft UIInterfaceOrientationLandscapeRight";
				INFOPLIST_KEY_UISupportedInterfaceOrientations_iPhone = "UIInterfaceOrientationPortrait UIInterfaceOrientationLandscapeLeft UIInterfaceOrientationLandscapeRight";
				LD_RUNPATH_SEARCH_PATHS = (
					"$(inherited)",
					"@executable_path/Frameworks",
				);
				MARKETING_VERSION = 1.0;
				PRODUCT_BUNDLE_IDENTIFIER = com.yutanoguchi.InstagramTutorial;
				PRODUCT_NAME = "$(TARGET_NAME)";
				SWIFT_EMIT_LOC_STRINGS = YES;
				SWIFT_VERSION = 5.0;
				TARGETED_DEVICE_FAMILY = "1,2";
			};
			name = Debug;
		};
		F9E28C962A278CFE004DF117 /* Release */ = {
			isa = XCBuildConfiguration;
			buildSettings = {
				ASSETCATALOG_COMPILER_APPICON_NAME = AppIcon;
				ASSETCATALOG_COMPILER_GLOBAL_ACCENT_COLOR_NAME = AccentColor;
				CODE_SIGN_STYLE = Automatic;
				CURRENT_PROJECT_VERSION = 1;
				DEVELOPMENT_ASSET_PATHS = "\"InstagramTutorial/Preview Content\"";
				ENABLE_PREVIEWS = YES;
				GENERATE_INFOPLIST_FILE = YES;
				INFOPLIST_KEY_UIApplicationSceneManifest_Generation = YES;
				INFOPLIST_KEY_UIApplicationSupportsIndirectInputEvents = YES;
				INFOPLIST_KEY_UILaunchScreen_Generation = YES;
				INFOPLIST_KEY_UISupportedInterfaceOrientations_iPad = "UIInterfaceOrientationPortrait UIInterfaceOrientationPortraitUpsideDown UIInterfaceOrientationLandscapeLeft UIInterfaceOrientationLandscapeRight";
				INFOPLIST_KEY_UISupportedInterfaceOrientations_iPhone = "UIInterfaceOrientationPortrait UIInterfaceOrientationLandscapeLeft UIInterfaceOrientationLandscapeRight";
				LD_RUNPATH_SEARCH_PATHS = (
					"$(inherited)",
					"@executable_path/Frameworks",
				);
				MARKETING_VERSION = 1.0;
				PRODUCT_BUNDLE_IDENTIFIER = com.yutanoguchi.InstagramTutorial;
				PRODUCT_NAME = "$(TARGET_NAME)";
				SWIFT_EMIT_LOC_STRINGS = YES;
				SWIFT_VERSION = 5.0;
				TARGETED_DEVICE_FAMILY = "1,2";
			};
			name = Release;
		};
/* End XCBuildConfiguration section */

/* Begin XCConfigurationList section */
		F9E28C812A278CFC004DF117 /* Build configuration list for PBXProject "InstagramTutorial" */ = {
			isa = XCConfigurationList;
			buildConfigurations = (
				F9E28C922A278CFE004DF117 /* Debug */,
				F9E28C932A278CFE004DF117 /* Release */,
			);
			defaultConfigurationIsVisible = 0;
			defaultConfigurationName = Release;
		};
		F9E28C942A278CFE004DF117 /* Build configuration list for PBXNativeTarget "InstagramTutorial" */ = {
			isa = XCConfigurationList;
			buildConfigurations = (
				F9E28C952A278CFE004DF117 /* Debug */,
				F9E28C962A278CFE004DF117 /* Release */,
			);
			defaultConfigurationIsVisible = 0;
			defaultConfigurationName = Release;
		};
/* End XCConfigurationList section */
	};
	rootObject = F9E28C7E2A278CFC004DF117 /* Project object */;
}
